
Microsoft Visual Studio Solution File, Format Version 12.00
# Visual Studio Version 16
VisualStudioVersion = 16.0.30320.27
MinimumVisualStudioVersion = 10.0.40219.1
Project("{9A19103F-16F7-4668-BE54-9A1E7A4F7556}") = "JHipsterNet.Core", "src\JHipsterNet.Core\JHipsterNet.Core.csproj", "{1CED51A0-FFF7-4CCB-A1F7-40628AEB63C2}"
EndProject
Project("{9A19103F-16F7-4668-BE54-9A1E7A4F7556}") = "JHipsterNet.Web", "src\JHipsterNet.Web\JHipsterNet.Web.csproj", "{A2E2DB00-63ED-470C-B4B0-A2159A0E06DD}"
EndProject
Project("{FAE04EC0-301F-11D3-BF4B-00C04F79EFBC}") = "JHipsterNet.Core.UnitTests", "test\JHipsterNet.Core.UnitTests\JHipsterNet.Core.UnitTests.csproj", "{69F289CF-88C0-483D-8E68-9278FC493A6B}"
EndProject
Global
	GlobalSection(SolutionConfigurationPlatforms) = preSolution
		Debug|Any CPU = Debug|Any CPU
		Release|Any CPU = Release|Any CPU
	EndGlobalSection
	GlobalSection(ProjectConfigurationPlatforms) = postSolution
		{1CED51A0-FFF7-4CCB-A1F7-40628AEB63C2}.Debug|Any CPU.ActiveCfg = Debug|Any CPU
		{1CED51A0-FFF7-4CCB-A1F7-40628AEB63C2}.Debug|Any CPU.Build.0 = Debug|Any CPU
		{1CED51A0-FFF7-4CCB-A1F7-40628AEB63C2}.Release|Any CPU.ActiveCfg = Release|Any CPU
		{1CED51A0-FFF7-4CCB-A1F7-40628AEB63C2}.Release|Any CPU.Build.0 = Release|Any CPU
		{A2E2DB00-63ED-470C-B4B0-A2159A0E06DD}.Debug|Any CPU.ActiveCfg = Debug|Any CPU
		{A2E2DB00-63ED-470C-B4B0-A2159A0E06DD}.Debug|Any CPU.Build.0 = Debug|Any CPU
		{A2E2DB00-63ED-470C-B4B0-A2159A0E06DD}.Release|Any CPU.ActiveCfg = Release|Any CPU
		{A2E2DB00-63ED-470C-B4B0-A2159A0E06DD}.Release|Any CPU.Build.0 = Release|Any CPU
		{69F289CF-88C0-483D-8E68-9278FC493A6B}.Debug|Any CPU.ActiveCfg = Debug|Any CPU
		{69F289CF-88C0-483D-8E68-9278FC493A6B}.Debug|Any CPU.Build.0 = Debug|Any CPU
		{69F289CF-88C0-483D-8E68-9278FC493A6B}.Release|Any CPU.ActiveCfg = Release|Any CPU
		{69F289CF-88C0-483D-8E68-9278FC493A6B}.Release|Any CPU.Build.0 = Release|Any CPU
	EndGlobalSection
	GlobalSection(SolutionProperties) = preSolution
		HideSolutionNode = FALSE
	EndGlobalSection
	GlobalSection(ExtensibilityGlobals) = postSolution
		SolutionGuid = {26D6EB76-AB60-4B2B-A3FE-A03504CF5D89}
	EndGlobalSection
EndGlobal
